
Microsoft Visual Studio Solution File, Format Version 12.00
# Visual Studio 14
VisualStudioVersion = 14.0.25420.1
MinimumVisualStudioVersion = 10.0.40219.1
Project("{FAE04EC0-301F-11D3-BF4B-00C04F79EFBC}") = "automationUserHubCXOne", "automationUserHubCXOne\automationUserHubCXOne.csproj", "{6EFEB655-5753-4ED3-992D-5AD40DA5E298}"
EndProject
Project("{FAE04EC0-301F-11D3-BF4B-00C04F79EFBC}") = "automationUserHubCXOneTests", "automationUserHubCXOneTests\automationUserHubCXOneTests.csproj", "{FDB2825B-917C-4C7A-94B9-61829AE8E829}"
EndProject
Global
	GlobalSection(SolutionConfigurationPlatforms) = preSolution
		Debug|Any CPU = Debug|Any CPU
		Release|Any CPU = Release|Any CPU
	EndGlobalSection
	GlobalSection(ProjectConfigurationPlatforms) = postSolution
		{6EFEB655-5753-4ED3-992D-5AD40DA5E298}.Debug|Any CPU.ActiveCfg = Debug|Any CPU
		{6EFEB655-5753-4ED3-992D-5AD40DA5E298}.Debug|Any CPU.Build.0 = Debug|Any CPU
		{6EFEB655-5753-4ED3-992D-5AD40DA5E298}.Release|Any CPU.ActiveCfg = Release|Any CPU
		{6EFEB655-5753-4ED3-992D-5AD40DA5E298}.Release|Any CPU.Build.0 = Release|Any CPU
		{FDB2825B-917C-4C7A-94B9-61829AE8E829}.Debug|Any CPU.ActiveCfg = Debug|Any CPU
		{FDB2825B-917C-4C7A-94B9-61829AE8E829}.Debug|Any CPU.Build.0 = Debug|Any CPU
		{FDB2825B-917C-4C7A-94B9-61829AE8E829}.Release|Any CPU.ActiveCfg = Release|Any CPU
		{FDB2825B-917C-4C7A-94B9-61829AE8E829}.Release|Any CPU.Build.0 = Release|Any CPU
	EndGlobalSection
	GlobalSection(SolutionProperties) = preSolution
		HideSolutionNode = FALSE
	EndGlobalSection
EndGlobal
